// !$*UTF8*$!
{
	archiveVersion = 1;
	classes = {
	};
	objectVersion = 46;
	objects = {

/* Begin PBXBuildFile section */
		D96AAF6A1C613FFB00A113C4 /* AppDelegate.swift in Sources */ = {isa = PBXBuildFile; fileRef = D96AAF691C613FFB00A113C4 /* AppDelegate.swift */; };
		D96AAF6C1C613FFB00A113C4 /* ViewController.swift in Sources */ = {isa = PBXBuildFile; fileRef = D96AAF6B1C613FFB00A113C4 /* ViewController.swift */; };
		D96AAF6F1C613FFB00A113C4 /* Main.storyboard in Resources */ = {isa = PBXBuildFile; fileRef = D96AAF6D1C613FFB00A113C4 /* Main.storyboard */; };
		D96AAF711C613FFB00A113C4 /* Assets.xcassets in Resources */ = {isa = PBXBuildFile; fileRef = D96AAF701C613FFB00A113C4 /* Assets.xcassets */; };
		D96AAF741C613FFB00A113C4 /* LaunchScreen.storyboard in Resources */ = {isa = PBXBuildFile; fileRef = D96AAF721C613FFB00A113C4 /* LaunchScreen.storyboard */; };
/* End PBXBuildFile section */

/* Begin PBXFileReference section */
		D96AAF661C613FFB00A113C4 /* quizapp.app */ = {isa = PBXFileReference; explicitFileType = wrapper.application; includeInIndex = 0; path = quizapp.app; sourceTree = BUILT_PRODUCTS_DIR; };
		D96AAF691C613FFB00A113C4 /* AppDelegate.swift */ = {isa = PBXFileReference; lastKnownFileType = sourcecode.swift; path = AppDelegate.swift; sourceTree = "<group>"; };
		D96AAF6B1C613FFB00A113C4 /* ViewController.swift */ = {isa = PBXFileReference; lastKnownFileType = sourcecode.swift; path = ViewController.swift; sourceTree = "<group>"; };
		D96AAF6E1C613FFB00A113C4 /* Base */ = {isa = PBXFileReference; lastKnownFileType = file.storyboard; name = Base; path = Base.lproj/Main.storyboard; sourceTree = "<group>"; };
		D96AAF701C613FFB00A113C4 /* Assets.xcassets */ = {isa = PBXFileReference; lastKnownFileType = folder.assetcatalog; path = Assets.xcassets; sourceTree = "<group>"; };
		D96AAF731C613FFB00A113C4 /* Base */ = {isa = PBXFileReference; lastKnownFileType = file.storyboard; name = Base; path = Base.lproj/LaunchScreen.storyboard; sourceTree = "<group>"; };
		D96AAF751C613FFB00A113C4 /* Info.plist */ = {isa = PBXFileReference; lastKnownFileType = text.plist.xml; path = Info.plist; sourceTree = "<group>"; };
/* End PBXFileReference section */

/* Begin PBXFrameworksBuildPhase section */
		D96AAF631C613FFB00A113C4 /* Frameworks */ = {
			isa = PBXFrameworksBuildPhase;
			buildActionMask = 2147483647;
			files = (
			);
			runOnlyForDeploymentPostprocessing = 0;
		};
/* End PBXFrameworksBuildPhase section */

/* Begin PBXGroup section */
		D96AAF5D1C613FFB00A113C4 = {
			isa = PBXGroup;
			children = (
				D96AAF681C613FFB00A113C4 /* quizapp */,
				D96AAF671C613FFB00A113C4 /* Products */,
			);
			sourceTree = "<group>";
		};
		D96AAF671C613FFB00A113C4 /* Products */ = {
			isa = PBXGroup;
			children = (
				D96AAF661C613FFB00A113C4 /* quizapp.app */,
			);
			name = Products;
			sourceTree = "<group>";
		};
		D96AAF681C613FFB00A113C4 /* quizapp */ = {
			isa = PBXGroup;
			children = (
				D96AAF691C613FFB00A113C4 /* AppDelegate.swift */,
				D96AAF6B1C613FFB00A113C4 /* ViewController.swift */,
				D96AAF6D1C613FFB00A113C4 /* Main.storyboard */,
				D96AAF701C613FFB00A113C4 /* Assets.xcassets */,
				D96AAF721C613FFB00A113C4 /* LaunchScreen.storyboard */,
				D96AAF751C613FFB00A113C4 /* Info.plist */,
			);
			path = quizapp;
			sourceTree = "<group>";
		};
/* End PBXGroup section */

/* Begin PBXNativeTarget section */
		D96AAF651C613FFB00A113C4 /* quizapp */ = {
			isa = PBXNativeTarget;
			buildConfigurationList = D96AAF781C613FFB00A113C4 /* Build configuration list for PBXNativeTarget "quizapp" */;
			buildPhases = (
				D96AAF621C613FFB00A113C4 /* Sources */,
				D96AAF631C613FFB00A113C4 /* Frameworks */,
				D96AAF641C613FFB00A113C4 /* Resources */,
			);
			buildRules = (
			);
			dependencies = (
			);
			name = quizapp;
			productName = quizapp;
			productReference = D96AAF661C613FFB00A113C4 /* quizapp.app */;
			productType = "com.apple.product-type.application";
		};
/* End PBXNativeTarget section */

/* Begin PBXProject section */
		D96AAF5E1C613FFB00A113C4 /* Project object */ = {
			isa = PBXProject;
			attributes = {
				LastSwiftUpdateCheck = 0720;
				LastUpgradeCheck = 0720;
				ORGANIZATIONNAME = CesaSalaam;
				TargetAttributes = {
					D96AAF651C613FFB00A113C4 = {
						CreatedOnToolsVersion = 7.2;
						DevelopmentTeam = Y3ESD59NKS;
					};
				};
			};
			buildConfigurationList = D96AAF611C613FFB00A113C4 /* Build configuration list for PBXProject "quizapp" */;
			compatibilityVersion = "Xcode 3.2";
			developmentRegion = English;
			hasScannedForEncodings = 0;
			knownRegions = (
				en,
				Base,
			);
			mainGroup = D96AAF5D1C613FFB00A113C4;
			productRefGroup = D96AAF671C613FFB00A113C4 /* Products */;
			projectDirPath = "";
			projectRoot = "";
			targets = (
				D96AAF651C613FFB00A113C4 /* quizapp */,
			);
		};
/* End PBXProject section */

/* Begin PBXResourcesBuildPhase section */
		D96AAF641C613FFB00A113C4 /* Resources */ = {
			isa = PBXResourcesBuildPhase;
			buildActionMask = 2147483647;
			files = (
				D96AAF741C613FFB00A113C4 /* LaunchScreen.storyboard in Resources */,
				D96AAF711C613FFB00A113C4 /* Assets.xcassets in Resources */,
				D96AAF6F1C613FFB00A113C4 /* Main.storyboard in Resources */,
			);
			runOnlyForDeploymentPostprocessing = 0;
		};
/* End PBXResourcesBuildPhase section */

/* Begin PBXSourcesBuildPhase section */
		D96AAF621C613FFB00A113C4 /* Sources */ = {
			isa = PBXSourcesBuildPhase;
			buildActionMask = 2147483647;
			files = (
				D96AAF6C1C613FFB00A113C4 /* ViewController.swift in Sources */,
				D96AAF6A1C613FFB00A113C4 /* AppDelegate.swift in Sources */,
			);
			runOnlyForDeploymentPostprocessing = 0;
		};
/* End PBXSourcesBuildPhase section */

/* Begin PBXVariantGroup section */
		D96AAF6D1C613FFB00A113C4 /* Main.storyboard */ = {
			isa = PBXVariantGroup;
			children = (
				D96AAF6E1C613FFB00A113C4 /* Base */,
			);
			name = Main.storyboard;
			sourceTree = "<group>";
		};
		D96AAF721C613FFB00A113C4 /* LaunchScreen.storyboard */ = {
			isa = PBXVariantGroup;
			children = (
				D96AAF731C613FFB00A113C4 /* Base */,
			);
			name = LaunchScreen.storyboard;
			sourceTree = "<group>";
		};
/* End PBXVariantGroup section */

/* Begin XCBuildConfiguration section */
		D96AAF761C613FFB00A113C4 /* Debug */ = {
			isa = XCBuildConfiguration;
			buildSettings = {
				ALWAYS_SEARCH_USER_PATHS = NO;
				CLANG_CXX_LANGUAGE_STANDARD = "gnu++0x";
				CLANG_CXX_LIBRARY = "libc++";
				CLANG_ENABLE_MODULES = YES;
				CLANG_ENABLE_OBJC_ARC = YES;
				CLANG_WARN_BOOL_CONVERSION = YES;
				CLANG_WARN_CONSTANT_CONVERSION = YES;
				CLANG_WARN_DIRECT_OBJC_ISA_USAGE = YES_ERROR;
				CLANG_WARN_EMPTY_BODY = YES;
				CLANG_WARN_ENUM_CONVERSION = YES;
				CLANG_WARN_INT_CONVERSION = YES;
				CLANG_WARN_OBJC_ROOT_CLASS = YES_ERROR;
				CLANG_WARN_UNREACHABLE_CODE = YES;
				CLANG_WARN__DUPLICATE_METHOD_MATCH = YES;
				"CODE_SIGN_IDENTITY[sdk=iphoneos*]" = "iPhone Developer";
				COPY_PHASE_STRIP = NO;
				DEBUG_INFORMATION_FORMAT = dwarf;
				ENABLE_STRICT_OBJC_MSGSEND = YES;
				ENABLE_TESTABILITY = YES;
				GCC_C_LANGUAGE_STANDARD = gnu99;
				GCC_DYNAMIC_NO_PIC = NO;
				GCC_NO_COMMON_BLOCKS = YES;
				GCC_OPTIMIZATION_LEVEL = 0;
				GCC_PREPROCESSOR_DEFINITIONS = (
					"DEBUG=1",
					"$(inherited)",
				);
				GCC_WARN_64_TO_32_BIT_CONVERSION = YES;
				GCC_WARN_ABOUT_RETURN_TYPE = YES_ERROR;
				GCC_WARN_UNDECLARED_SELECTOR = YES;
				GCC_WARN_UNINITIALIZED_AUTOS = YES_AGGRESSIVE;
				GCC_WARN_UNUSED_FUNCTION = YES;
				GCC_WARN_UNUSED_VARIABLE = YES;
				IPHONEOS_DEPLOYMENT_TARGET = 9.2;
				MTL_ENABLE_DEBUG_INFO = YES;
				ONLY_ACTIVE_ARCH = YES;
				SDKROOT = iphoneos;
				SWIFT_OPTIMIZATION_LEVEL = "-Onone";
			};
			name = Debug;
		};
		D96AAF771C613FFB00A113C4 /* Release */ = {
			isa = XCBuildConfiguration;
			buildSettings = {
				ALWAYS_SEARCH_USER_PATHS = NO;
				CLANG_CXX_LANGUAGE_STANDARD = "gnu++0x";
				CLANG_CXX_LIBRARY = "libc++";
				CLANG_ENABLE_MODULES = YES;
				CLANG_ENABLE_OBJC_ARC = YES;
				CLANG_WARN_BOOL_CONVERSION = YES;
				CLANG_WARN_CONSTANT_CONVERSION = YES;
				CLANG_WARN_DIRECT_OBJC_ISA_USAGE = YES_ERROR;
				CLANG_WARN_EMPTY_BODY = YES;
				CLANG_WARN_ENUM_CONVERSION = YES;
				CLANG_WARN_INT_CONVERSION = YES;
				CLANG_WARN_OBJC_ROOT_CLASS = YES_ERROR;
				CLANG_WARN_UNREACHABLE_CODE = YES;
				CLANG_WARN__DUPLICATE_METHOD_MATCH = YES;
				"CODE_SIGN_IDENTITY[sdk=iphoneos*]" = "iPhone Developer";
				COPY_PHASE_STRIP = NO;
				DEBUG_INFORMATION_FORMAT = "dwarf-with-dsym";
				ENABLE_NS_ASSERTIONS = NO;
				ENABLE_STRICT_OBJC_MSGSEND = YES;
				GCC_C_LANGUAGE_STANDARD = gnu99;
				GCC_NO_COMMON_BLOCKS = YES;
				GCC_WARN_64_TO_32_BIT_CONVERSION = YES;
				GCC_WARN_ABOUT_RETURN_TYPE = YES_ERROR;
				GCC_WARN_UNDECLARED_SELECTOR = YES;
				GCC_WARN_UNINITIALIZED_AUTOS = YES_AGGRESSIVE;
				GCC_WARN_UNUSED_FUNCTION = YES;
				GCC_WARN_UNUSED_VARIABLE = YES;
				IPHONEOS_DEPLOYMENT_TARGET = 9.2;
				MTL_ENABLE_DEBUG_INFO = NO;
				SDKROOT = iphoneos;
				VALIDATE_PRODUCT = YES;
			};
			name = Release;
		};
		D96AAF791C613FFB00A113C4 /* Debug */ = {
			isa = XCBuildConfiguration;
			buildSettings = {
				ASSETCATALOG_COMPILER_APPICON_NAME = AppIcon;
				INFOPLIST_FILE = quizapp/Info.plist;
				LD_RUNPATH_SEARCH_PATHS = "$(inherited) @executable_path/Frameworks";
				PRODUCT_BUNDLE_IDENTIFIER = com.cesasalaam.quizapp;
				PRODUCT_NAME = "$(TARGET_NAME)";
			};
			name = Debug;
		};
		D96AAF7A1C613FFB00A113C4 /* Release */ = {
			isa = XCBuildConfiguration;
			buildSettings = {
				ASSETCATALOG_COMPILER_APPICON_NAME = AppIcon;
				INFOPLIST_FILE = quizapp/Info.plist;
				LD_RUNPATH_SEARCH_PATHS = "$(inherited) @executable_path/Frameworks";
				PRODUCT_BUNDLE_IDENTIFIER = com.cesasalaam.quizapp;
				PRODUCT_NAME = "$(TARGET_NAME)";
			};
			name = Release;
		};
/* End XCBuildConfiguration section */

/* Begin XCConfigurationList section */
		D96AAF611C613FFB00A113C4 /* Build configuration list for PBXProject "quizapp" */ = {
			isa = XCConfigurationList;
			buildConfigurations = (
				D96AAF761C613FFB00A113C4 /* Debug */,
				D96AAF771C613FFB00A113C4 /* Release */,
			);
			defaultConfigurationIsVisible = 0;
			defaultConfigurationName = Release;
		};
		D96AAF781C613FFB00A113C4 /* Build configuration list for PBXNativeTarget "quizapp" */ = {
			isa = XCConfigurationList;
			buildConfigurations = (
				D96AAF791C613FFB00A113C4 /* Debug */,
				D96AAF7A1C613FFB00A113C4 /* Release */,
			);
			defaultConfigurationIsVisible = 0;
		};
/* End XCConfigurationList section */
	};
	rootObject = D96AAF5E1C613FFB00A113C4 /* Project object */;
}
